
Microsoft Visual Studio Solution File, Format Version 12.00
# Visual Studio Version 16
VisualStudioVersion = 16.0.31702.278
MinimumVisualStudioVersion = 10.0.40219.1
Project("{FAE04EC0-301F-11D3-BF4B-00C04F79EFBC}") = "Selenium", "Selenium\Selenium.csproj", "{EBE31245-BE11-47F4-9DB2-4ECA4ACAF2EC}"
EndProject
Global
	GlobalSection(SolutionConfigurationPlatforms) = preSolution
		Debug|Any CPU = Debug|Any CPU
		Release|Any CPU = Release|Any CPU
	EndGlobalSection
	GlobalSection(ProjectConfigurationPlatforms) = postSolution
		{EBE31245-BE11-47F4-9DB2-4ECA4ACAF2EC}.Debug|Any CPU.ActiveCfg = Debug|Any CPU
		{EBE31245-BE11-47F4-9DB2-4ECA4ACAF2EC}.Debug|Any CPU.Build.0 = Debug|Any CPU
		{EBE31245-BE11-47F4-9DB2-4ECA4ACAF2EC}.Release|Any CPU.ActiveCfg = Release|Any CPU
		{EBE31245-BE11-47F4-9DB2-4ECA4ACAF2EC}.Release|Any CPU.Build.0 = Release|Any CPU
	EndGlobalSection
	GlobalSection(SolutionProperties) = preSolution
		HideSolutionNode = FALSE
	EndGlobalSection
	GlobalSection(ExtensibilityGlobals) = postSolution
		SolutionGuid = {D7BC65CE-41F3-4245-9BE6-5688BD4CDD8C}
	EndGlobalSection
EndGlobal
